<?xml version="1.0" encoding="utf-8"?>
<Project ToolsVersion="4.0" xmlns="http://schemas.microsoft.com/developer/msbuild/2003">
  <ItemGroup>
    <Filter Include="Source Files">
      <UniqueIdentifier>{4FC737F1-C7A5-4376-A066-2A32D752A2FF}</UniqueIdentifier>
      <Extensions>cpp;c;cc;cxx;def;odl;idl;hpj;bat;asm;asmx</Extensions>
    </Filter>
    <Filter Include="Header Files">
      <UniqueIdentifier>{93995380-89BD-4b04-88EB-625FBE52EBFB}</UniqueIdentifier>
      <Extensions>h;hpp;hxx;hm;inl;inc;xsd</Extensions>
    </Filter>
    <Filter Include="Resource Files">
      <UniqueIdentifier>{67DA6AB6-F800-4c08-8B7A-83BB121AAD01}</UniqueIdentifier>
      <Extensions>rc;ico;cur;bmp;dlg;rc2;rct;bin;rgs;gif;jpg;jpeg;jpe;resx;tiff;tif;png;wav</Extensions>
    </Filter>
  </ItemGroup>
  <ItemGroup>
    <ClCompile Include="AllergoscopeApp.cpp">
      <Filter>Source Files</Filter>
    </ClCompile>
    <ClCompile Include="LocalSemaphore.cpp">
      <Filter>Source Files</Filter>
    </ClCompile>
    <ClCompile Include="MDNS.cpp">
      <Filter>Source Files</Filter>
    </ClCompile>
    <ClCompile Include="mfile.cpp">
      <Filter>Source Files</Filter>
    </ClCompile>
    <ClCompile Include="MPThread.cpp">
      <Filter>Source Files</Filter>
    </ClCompile>
    <ClCompile Include="NetDir.cpp">
      <Filter>Source Files</Filter>
    </ClCompile>
    <ClCompile Include="NetServerThread.cpp">
      <Filter>Source Files</Filter>
    </ClCompile>
    <ClCompile Include="RWThread.cpp">
      <Filter>Source Files</Filter>
    </ClCompile>
    <ClCompile Include="stdafx.cpp">
      <Filter>Source Files</Filter>
    </ClCompile>
    <ClCompile Include="TimerAndView.cpp">
      <Filter>Source Files</Filter>
    </ClCompile>
    <ClCompile Include="MakePolyline.cpp">
      <Filter>Source Files</Filter>
    </ClCompile>
    <ClCompile Include="BuilderVoron2D.cpp">
      <Filter>Source Files</Filter>
    </ClCompile>
    <ClCompile Include="RuningPolygon.cpp">
      <Filter>Source Files</Filter>
    </ClCompile>
    <ClCompile Include="MultiThread.cpp">
      <Filter>Source Files</Filter>
    </ClCompile>
    <ClCompile Include="variable.cpp">
      <Filter>Source Files</Filter>
    </ClCompile>
    <ClCompile Include="_ffile.cpp">
      <Filter>Source Files</Filter>
    </ClCompile>
    <ClCompile Include="MDNSStruct.cpp">
      <Filter>Source Files</Filter>
    </ClCompile>
    <ClCompile Include="lzwcomp.cpp">
      <Filter>Source Files</Filter>
    </ClCompile>
    <ClCompile Include="lzwdecom.cpp">
      <Filter>Source Files</Filter>
    </ClCompile>
    <ClCompile Include="lzwstrmi.cpp">
      <Filter>Source Files</Filter>
    </ClCompile>
    <ClCompile Include="lzwstrmo.cpp">
      <Filter>Source Files</Filter>
    </ClCompile>
    <ClCompile Include="ShellZip.cpp">
      <Filter>Source Files</Filter>
    </ClCompile>
    <ClCompile Include="MDNSReader.cpp">
      <Filter>Source Files</Filter>
    </ClCompile>
    <ClCompile Include="AboutBox.cpp">
      <Filter>Source Files</Filter>
    </ClCompile>
  </ItemGroup>
  <ItemGroup>
    <ClInclude Include="AllergoscopeApp.h">
      <Filter>Header Files</Filter>
    </ClInclude>
    <ClInclude Include="ArHashMap.h">
      <Filter>Header Files</Filter>
    </ClInclude>
    <ClInclude Include="ArHeap.h">
      <Filter>Header Files</Filter>
    </ClInclude>
    <ClInclude Include="ArRBMap.h">
      <Filter>Header Files</Filter>
    </ClInclude>
    <ClInclude Include="ArRBSet.h">
      <Filter>Header Files</Filter>
    </ClInclude>
    <ClInclude Include="buffer.h">
      <Filter>Header Files</Filter>
    </ClInclude>
    <ClInclude Include="dwordmap.h">
      <Filter>Header Files</Filter>
    </ClInclude>
    <ClInclude Include="hashmap.h">
      <Filter>Header Files</Filter>
    </ClInclude>
    <ClInclude Include="hashset.h">
      <Filter>Header Files</Filter>
    </ClInclude>
    <ClInclude Include="listlong.h">
      <Filter>Header Files</Filter>
    </ClInclude>
    <ClInclude Include="LocalSemaphore.h">
      <Filter>Header Files</Filter>
    </ClInclude>
    <ClInclude Include="looplist.h">
      <Filter>Header Files</Filter>
    </ClInclude>
    <ClInclude Include="mallocator.h">
      <Filter>Header Files</Filter>
    </ClInclude>
    <ClInclude Include="mapstr.h">
      <Filter>Header Files</Filter>
    </ClInclude>
    <ClInclude Include="mbool.h">
      <Filter>Header Files</Filter>
    </ClInclude>
    <ClInclude Include="mconstmap.h">
      <Filter>Header Files</Filter>
    </ClInclude>
    <ClInclude Include="mconstset.h">
      <Filter>Header Files</Filter>
    </ClInclude>
    <ClInclude Include="mdim.h">
      <Filter>Header Files</Filter>
    </ClInclude>
    <ClInclude Include="MDNS.h">
      <Filter>Header Files</Filter>
    </ClInclude>
    <ClInclude Include="mfile.h">
      <Filter>Header Files</Filter>
    </ClInclude>
    <ClInclude Include="MHeap.h">
      <Filter>Header Files</Filter>
    </ClInclude>
    <ClInclude Include="mio.h">
      <Filter>Header Files</Filter>
    </ClInclude>
    <ClInclude Include="mlist.h">
      <Filter>Header Files</Filter>
    </ClInclude>
    <ClInclude Include="MPThread.h">
      <Filter>Header Files</Filter>
    </ClInclude>
    <ClInclude Include="mset.h">
      <Filter>Header Files</Filter>
    </ClInclude>
    <ClInclude Include="mstack.h">
      <Filter>Header Files</Filter>
    </ClInclude>
    <ClInclude Include="mstring.h">
      <Filter>Header Files</Filter>
    </ClInclude>
    <ClInclude Include="mtree.h">
      <Filter>Header Files</Filter>
    </ClInclude>
    <ClInclude Include="MultiArRBSet.h">
      <Filter>Header Files</Filter>
    </ClInclude>
    <ClInclude Include="NetClientThread.h">
      <Filter>Header Files</Filter>
    </ClInclude>
    <ClInclude Include="NetDir.h">
      <Filter>Header Files</Filter>
    </ClInclude>
    <ClInclude Include="NetServerThread.h">
      <Filter>Header Files</Filter>
    </ClInclude>
    <ClInclude Include="rbmap.h">
      <Filter>Header Files</Filter>
    </ClInclude>
    <ClInclude Include="Resource.h">
      <Filter>Header Files</Filter>
    </ClInclude>
    <ClInclude Include="RWThread.h">
      <Filter>Header Files</Filter>
    </ClInclude>
    <ClInclude Include="stdafx.h">
      <Filter>Header Files</Filter>
    </ClInclude>
    <ClInclude Include="targetver.h">
      <Filter>Header Files</Filter>
    </ClInclude>
    <ClInclude Include="TimerAndView.h">
      <Filter>Header Files</Filter>
    </ClInclude>
    <ClInclude Include="tlistarray.h">
      <Filter>Header Files</Filter>
    </ClInclude>
    <ClInclude Include="RWLock.h">
      <Filter>Header Files</Filter>
    </ClInclude>
    <ClInclude Include="MakePolyline.h">
      <Filter>Header Files</Filter>
    </ClInclude>
    <ClInclude Include="variable.h">
      <Filter>Header Files</Filter>
    </ClInclude>
    <ClInclude Include="ShellZip.h">
      <Filter>Header Files</Filter>
    </ClInclude>
    <ClInclude Include="MDNSReader.h">
      <Filter>Header Files</Filter>
    </ClInclude>
    <ClInclude Include="MDNSStruct.h">
      <Filter>Header Files</Filter>
    </ClInclude>
    <ClInclude Include="AboutBox.h">
      <Filter>Header Files</Filter>
    </ClInclude>
  </ItemGroup>
  <ItemGroup>
    <Image Include="AllergoscopeApp.ico">
      <Filter>Resource Files</Filter>
    </Image>
    <Image Include="small.ico">
      <Filter>Resource Files</Filter>
    </Image>
    <Image Include="icon1.ico">
      <Filter>Resource Files</Filter>
    </Image>
  </ItemGroup>
  <ItemGroup>
    <ResourceCompile Include="AllergoscopeApp.rc">
      <Filter>Resource Files</Filter>
    </ResourceCompile>
  </ItemGroup>
  <ItemGroup>
    <Text Include="ReadMe.txt" />
  </ItemGroup>
</Project>